
Microsoft Visual Studio Solution File, Format Version 12.00
# Visual Studio 15
VisualStudioVersion = 15.0.28307.421
MinimumVisualStudioVersion = 10.0.40219.1
Project("{FAE04EC0-301F-11D3-BF4B-00C04F79EFBC}") = "Uyg3Notepad", "Uyg3Notepad\Uyg3Notepad.csproj", "{B6AEFF60-242C-4B8B-AD06-14A03973BEE8}"
EndProject
Global
	GlobalSection(SolutionConfigurationPlatforms) = preSolution
		Debug|Any CPU = Debug|Any CPU
		Release|Any CPU = Release|Any CPU
	EndGlobalSection
	GlobalSection(ProjectConfigurationPlatforms) = postSolution
		{B6AEFF60-242C-4B8B-AD06-14A03973BEE8}.Debug|Any CPU.ActiveCfg = Debug|Any CPU
		{B6AEFF60-242C-4B8B-AD06-14A03973BEE8}.Debug|Any CPU.Build.0 = Debug|Any CPU
		{B6AEFF60-242C-4B8B-AD06-14A03973BEE8}.Release|Any CPU.ActiveCfg = Release|Any CPU
		{B6AEFF60-242C-4B8B-AD06-14A03973BEE8}.Release|Any CPU.Build.0 = Release|Any CPU
	EndGlobalSection
	GlobalSection(SolutionProperties) = preSolution
		HideSolutionNode = FALSE
	EndGlobalSection
	GlobalSection(ExtensibilityGlobals) = postSolution
		SolutionGuid = {95425D59-1394-434E-BBF6-B287B91EA9AF}
	EndGlobalSection
EndGlobal
