
Microsoft Visual Studio Solution File, Format Version 12.00
# Visual Studio 15
VisualStudioVersion = 15.0.28307.421
MinimumVisualStudioVersion = 10.0.40219.1
Project("{FAE04EC0-301F-11D3-BF4B-00C04F79EFBC}") = "Uyg1Cizim", "Uyg1Cizim\Uyg1Cizim.csproj", "{4FB20596-8DCA-4462-889F-13FB9C207C8B}"
EndProject
Global
	GlobalSection(SolutionConfigurationPlatforms) = preSolution
		Debug|Any CPU = Debug|Any CPU
		Release|Any CPU = Release|Any CPU
	EndGlobalSection
	GlobalSection(ProjectConfigurationPlatforms) = postSolution
		{4FB20596-8DCA-4462-889F-13FB9C207C8B}.Debug|Any CPU.ActiveCfg = Debug|Any CPU
		{4FB20596-8DCA-4462-889F-13FB9C207C8B}.Debug|Any CPU.Build.0 = Debug|Any CPU
		{4FB20596-8DCA-4462-889F-13FB9C207C8B}.Release|Any CPU.ActiveCfg = Release|Any CPU
		{4FB20596-8DCA-4462-889F-13FB9C207C8B}.Release|Any CPU.Build.0 = Release|Any CPU
	EndGlobalSection
	GlobalSection(SolutionProperties) = preSolution
		HideSolutionNode = FALSE
	EndGlobalSection
	GlobalSection(ExtensibilityGlobals) = postSolution
		SolutionGuid = {711B10AC-E68A-4642-B555-BE06A7C3ED05}
	EndGlobalSection
EndGlobal
